
Microsoft Visual Studio Solution File, Format Version 12.00
# Visual Studio 2013
VisualStudioVersion = 12.0.21005.1
MinimumVisualStudioVersion = 10.0.40219.1
Project("{FAE04EC0-301F-11D3-BF4B-00C04F79EFBC}") = "E-Booking", "E-Booking\E-Booking.csproj", "{B3098AC1-463E-4301-BA21-499C94A6D66F}"
EndProject
Project("{FAE04EC0-301F-11D3-BF4B-00C04F79EFBC}") = "BusinessRules", "BusinessRules\BusinessRules.csproj", "{47F08FF8-AD35-43C3-96CA-F9B20892B7BB}"
EndProject
Project("{FAE04EC0-301F-11D3-BF4B-00C04F79EFBC}") = "E-Booking.Models", "E-Booking.Models\E-Booking.Models.csproj", "{F5FF6272-6578-431F-9A80-EBE1AFE00C2B}"
EndProject
Global
	GlobalSection(TeamFoundationVersionControl) = preSolution
		SccNumberOfProjects = 4
		SccEnterpriseProvider = {4CA58AB2-18FA-4F8D-95D4-32DDF27D184C}
		SccTeamFoundationServer = http://vssserver:8080/tfs/newprojectsmsf5
		SccLocalPath0 = .
		SccProjectUniqueName1 = E-Booking\\E-Booking.csproj
		SccProjectName1 = E-Booking
		SccLocalPath1 = E-Booking
		SccProjectUniqueName2 = BusinessRules\\BusinessRules.csproj
		SccProjectName2 = BusinessRules
		SccLocalPath2 = BusinessRules
		SccProjectUniqueName3 = E-Booking.Models\\E-Booking.Models.csproj
		SccProjectName3 = E-Booking.Models
		SccLocalPath3 = E-Booking.Models
	EndGlobalSection
	GlobalSection(SolutionConfigurationPlatforms) = preSolution
		Debug|Any CPU = Debug|Any CPU
		Release|Any CPU = Release|Any CPU
	EndGlobalSection
	GlobalSection(ProjectConfigurationPlatforms) = postSolution
		{B3098AC1-463E-4301-BA21-499C94A6D66F}.Debug|Any CPU.ActiveCfg = Debug|Any CPU
		{B3098AC1-463E-4301-BA21-499C94A6D66F}.Debug|Any CPU.Build.0 = Debug|Any CPU
		{B3098AC1-463E-4301-BA21-499C94A6D66F}.Release|Any CPU.ActiveCfg = Release|Any CPU
		{B3098AC1-463E-4301-BA21-499C94A6D66F}.Release|Any CPU.Build.0 = Release|Any CPU
		{47F08FF8-AD35-43C3-96CA-F9B20892B7BB}.Debug|Any CPU.ActiveCfg = Debug|Any CPU
		{47F08FF8-AD35-43C3-96CA-F9B20892B7BB}.Debug|Any CPU.Build.0 = Debug|Any CPU
		{47F08FF8-AD35-43C3-96CA-F9B20892B7BB}.Release|Any CPU.ActiveCfg = Release|Any CPU
		{47F08FF8-AD35-43C3-96CA-F9B20892B7BB}.Release|Any CPU.Build.0 = Release|Any CPU
		{F5FF6272-6578-431F-9A80-EBE1AFE00C2B}.Debug|Any CPU.ActiveCfg = Debug|Any CPU
		{F5FF6272-6578-431F-9A80-EBE1AFE00C2B}.Debug|Any CPU.Build.0 = Debug|Any CPU
		{F5FF6272-6578-431F-9A80-EBE1AFE00C2B}.Release|Any CPU.ActiveCfg = Release|Any CPU
		{F5FF6272-6578-431F-9A80-EBE1AFE00C2B}.Release|Any CPU.Build.0 = Release|Any CPU
	EndGlobalSection
	GlobalSection(SolutionProperties) = preSolution
		HideSolutionNode = FALSE
	EndGlobalSection
EndGlobal
